
Microsoft Visual Studio Solution File, Format Version 12.00
# Visual Studio Version 17
VisualStudioVersion = 17.5.33530.505
MinimumVisualStudioVersion = 10.0.40219.1
Project("{FAE04EC0-301F-11D3-BF4B-00C04F79EFBC}") = "C#-buoi14", "C#-buoi14\C#-buoi14.csproj", "{080B4C68-AD18-401F-B83F-DBF504109551}"
EndProject
Global
	GlobalSection(SolutionConfigurationPlatforms) = preSolution
		Debug|Any CPU = Debug|Any CPU
		Release|Any CPU = Release|Any CPU
	EndGlobalSection
	GlobalSection(ProjectConfigurationPlatforms) = postSolution
		{080B4C68-AD18-401F-B83F-DBF504109551}.Debug|Any CPU.ActiveCfg = Debug|Any CPU
		{080B4C68-AD18-401F-B83F-DBF504109551}.Debug|Any CPU.Build.0 = Debug|Any CPU
		{080B4C68-AD18-401F-B83F-DBF504109551}.Release|Any CPU.ActiveCfg = Release|Any CPU
		{080B4C68-AD18-401F-B83F-DBF504109551}.Release|Any CPU.Build.0 = Release|Any CPU
	EndGlobalSection
	GlobalSection(SolutionProperties) = preSolution
		HideSolutionNode = FALSE
	EndGlobalSection
	GlobalSection(ExtensibilityGlobals) = postSolution
		SolutionGuid = {1AAE9211-ED9C-4006-8755-A44797BAB809}
	EndGlobalSection
EndGlobal
