
Microsoft Visual Studio Solution File, Format Version 12.00
# Visual Studio Version 17
VisualStudioVersion = 17.5.33530.505
MinimumVisualStudioVersion = 10.0.40219.1
Project("{FAE04EC0-301F-11D3-BF4B-00C04F79EFBC}") = "Minhnh_PH45057", "Minhnh_PH45057\Minhnh_PH45057.csproj", "{8C59E7DA-6B4C-4729-B070-1D04331B45EC}"
EndProject
Global
	GlobalSection(SolutionConfigurationPlatforms) = preSolution
		Debug|Any CPU = Debug|Any CPU
		Release|Any CPU = Release|Any CPU
	EndGlobalSection
	GlobalSection(ProjectConfigurationPlatforms) = postSolution
		{8C59E7DA-6B4C-4729-B070-1D04331B45EC}.Debug|Any CPU.ActiveCfg = Debug|Any CPU
		{8C59E7DA-6B4C-4729-B070-1D04331B45EC}.Debug|Any CPU.Build.0 = Debug|Any CPU
		{8C59E7DA-6B4C-4729-B070-1D04331B45EC}.Release|Any CPU.ActiveCfg = Release|Any CPU
		{8C59E7DA-6B4C-4729-B070-1D04331B45EC}.Release|Any CPU.Build.0 = Release|Any CPU
	EndGlobalSection
	GlobalSection(SolutionProperties) = preSolution
		HideSolutionNode = FALSE
	EndGlobalSection
	GlobalSection(ExtensibilityGlobals) = postSolution
		SolutionGuid = {9C5D06C8-623F-4ACE-839F-248373F14F1A}
	EndGlobalSection
EndGlobal
