
Microsoft Visual Studio Solution File, Format Version 12.00
# Visual Studio Version 17
VisualStudioVersion = 17.5.33530.505
MinimumVisualStudioVersion = 10.0.40219.1
Project("{FAE04EC0-301F-11D3-BF4B-00C04F79EFBC}") = "C#-buoi4", "C#-buoi4\C#-buoi4.csproj", "{854ACAA3-E66A-4214-BBD5-314C4B338F60}"
EndProject
Global
	GlobalSection(SolutionConfigurationPlatforms) = preSolution
		Debug|Any CPU = Debug|Any CPU
		Release|Any CPU = Release|Any CPU
	EndGlobalSection
	GlobalSection(ProjectConfigurationPlatforms) = postSolution
		{854ACAA3-E66A-4214-BBD5-314C4B338F60}.Debug|Any CPU.ActiveCfg = Debug|Any CPU
		{854ACAA3-E66A-4214-BBD5-314C4B338F60}.Debug|Any CPU.Build.0 = Debug|Any CPU
		{854ACAA3-E66A-4214-BBD5-314C4B338F60}.Release|Any CPU.ActiveCfg = Release|Any CPU
		{854ACAA3-E66A-4214-BBD5-314C4B338F60}.Release|Any CPU.Build.0 = Release|Any CPU
	EndGlobalSection
	GlobalSection(SolutionProperties) = preSolution
		HideSolutionNode = FALSE
	EndGlobalSection
	GlobalSection(ExtensibilityGlobals) = postSolution
		SolutionGuid = {BF9D534B-F61C-4E00-88ED-3D9419AEA427}
	EndGlobalSection
EndGlobal
