
Microsoft Visual Studio Solution File, Format Version 12.00
# Visual Studio Version 17
VisualStudioVersion = 17.5.33530.505
MinimumVisualStudioVersion = 10.0.40219.1
Project("{FAE04EC0-301F-11D3-BF4B-00C04F79EFBC}") = "PH45057_Minhnh", "PH45057_Minhnh\PH45057_Minhnh.csproj", "{D970B82C-A188-47FD-95DD-8D8206CDF207}"
EndProject
Global
	GlobalSection(SolutionConfigurationPlatforms) = preSolution
		Debug|Any CPU = Debug|Any CPU
		Release|Any CPU = Release|Any CPU
	EndGlobalSection
	GlobalSection(ProjectConfigurationPlatforms) = postSolution
		{D970B82C-A188-47FD-95DD-8D8206CDF207}.Debug|Any CPU.ActiveCfg = Debug|Any CPU
		{D970B82C-A188-47FD-95DD-8D8206CDF207}.Debug|Any CPU.Build.0 = Debug|Any CPU
		{D970B82C-A188-47FD-95DD-8D8206CDF207}.Release|Any CPU.ActiveCfg = Release|Any CPU
		{D970B82C-A188-47FD-95DD-8D8206CDF207}.Release|Any CPU.Build.0 = Release|Any CPU
	EndGlobalSection
	GlobalSection(SolutionProperties) = preSolution
		HideSolutionNode = FALSE
	EndGlobalSection
	GlobalSection(ExtensibilityGlobals) = postSolution
		SolutionGuid = {BF625C86-45D6-4709-856B-9A597B7541E5}
	EndGlobalSection
EndGlobal
