
Microsoft Visual Studio Solution File, Format Version 12.00
# Visual Studio Version 17
VisualStudioVersion = 17.5.33530.505
MinimumVisualStudioVersion = 10.0.40219.1
Project("{FAE04EC0-301F-11D3-BF4B-00C04F79EFBC}") = "C#1-buoi1", "C#1-buoi1\C#1-buoi1.csproj", "{FAD950A5-A363-433D-B36C-ABD54CDA22B5}"
EndProject
Project("{FAE04EC0-301F-11D3-BF4B-00C04F79EFBC}") = "Test01", "Test01\Test01.csproj", "{CC560E05-ADAA-4EBE-AF19-D89485F73846}"
EndProject
Global
	GlobalSection(SolutionConfigurationPlatforms) = preSolution
		Debug|Any CPU = Debug|Any CPU
		Release|Any CPU = Release|Any CPU
	EndGlobalSection
	GlobalSection(ProjectConfigurationPlatforms) = postSolution
		{FAD950A5-A363-433D-B36C-ABD54CDA22B5}.Debug|Any CPU.ActiveCfg = Debug|Any CPU
		{FAD950A5-A363-433D-B36C-ABD54CDA22B5}.Debug|Any CPU.Build.0 = Debug|Any CPU
		{FAD950A5-A363-433D-B36C-ABD54CDA22B5}.Release|Any CPU.ActiveCfg = Release|Any CPU
		{FAD950A5-A363-433D-B36C-ABD54CDA22B5}.Release|Any CPU.Build.0 = Release|Any CPU
		{CC560E05-ADAA-4EBE-AF19-D89485F73846}.Debug|Any CPU.ActiveCfg = Debug|Any CPU
		{CC560E05-ADAA-4EBE-AF19-D89485F73846}.Debug|Any CPU.Build.0 = Debug|Any CPU
		{CC560E05-ADAA-4EBE-AF19-D89485F73846}.Release|Any CPU.ActiveCfg = Release|Any CPU
		{CC560E05-ADAA-4EBE-AF19-D89485F73846}.Release|Any CPU.Build.0 = Release|Any CPU
	EndGlobalSection
	GlobalSection(SolutionProperties) = preSolution
		HideSolutionNode = FALSE
	EndGlobalSection
	GlobalSection(ExtensibilityGlobals) = postSolution
		SolutionGuid = {89CD322C-4B45-4876-BA4B-71DDF3986183}
	EndGlobalSection
EndGlobal
