
Microsoft Visual Studio Solution File, Format Version 12.00
# Visual Studio Version 17
VisualStudioVersion = 17.5.33530.505
MinimumVisualStudioVersion = 10.0.40219.1
Project("{FAE04EC0-301F-11D3-BF4B-00C04F79EFBC}") = "buoi-cuoi", "buoi-cuoi\buoi-cuoi.csproj", "{9954823F-15A5-4C8C-9372-64B37DBC4E3A}"
EndProject
Global
	GlobalSection(SolutionConfigurationPlatforms) = preSolution
		Debug|Any CPU = Debug|Any CPU
		Release|Any CPU = Release|Any CPU
	EndGlobalSection
	GlobalSection(ProjectConfigurationPlatforms) = postSolution
		{9954823F-15A5-4C8C-9372-64B37DBC4E3A}.Debug|Any CPU.ActiveCfg = Debug|Any CPU
		{9954823F-15A5-4C8C-9372-64B37DBC4E3A}.Debug|Any CPU.Build.0 = Debug|Any CPU
		{9954823F-15A5-4C8C-9372-64B37DBC4E3A}.Release|Any CPU.ActiveCfg = Release|Any CPU
		{9954823F-15A5-4C8C-9372-64B37DBC4E3A}.Release|Any CPU.Build.0 = Release|Any CPU
	EndGlobalSection
	GlobalSection(SolutionProperties) = preSolution
		HideSolutionNode = FALSE
	EndGlobalSection
	GlobalSection(ExtensibilityGlobals) = postSolution
		SolutionGuid = {39B5B6C0-8873-4B43-B432-1DA056A333F9}
	EndGlobalSection
EndGlobal
